
Microsoft Visual Studio Solution File, Format Version 12.00
# Visual Studio Version 16
VisualStudioVersion = 16.0.30503.244
MinimumVisualStudioVersion = 10.0.40219.1
Project("{FAE04EC0-301F-11D3-BF4B-00C04F79EFBC}") = "Practice1NUnit", "Practice1NUnit\Practice1NUnit.csproj", "{C9E82761-775A-4708-B004-D9ABBDA63AF7}"
EndProject
Project("{FAE04EC0-301F-11D3-BF4B-00C04F79EFBC}") = "Practice1MsTest", "Practice1MsTest\Practice1MsTest.csproj", "{8C6247F2-343C-4C55-87F8-3145010BCEE1}"
EndProject
Project("{FAE04EC0-301F-11D3-BF4B-00C04F79EFBC}") = "Practice1xUnit", "Practice1xUnit\Practice1xUnit.csproj", "{6A6F80A8-BF3C-4E2D-831B-8CCBC0E2C7A8}"
EndProject
Global
	GlobalSection(SolutionConfigurationPlatforms) = preSolution
		Debug|Any CPU = Debug|Any CPU
		Release|Any CPU = Release|Any CPU
	EndGlobalSection
	GlobalSection(ProjectConfigurationPlatforms) = postSolution
		{C9E82761-775A-4708-B004-D9ABBDA63AF7}.Debug|Any CPU.ActiveCfg = Debug|Any CPU
		{C9E82761-775A-4708-B004-D9ABBDA63AF7}.Debug|Any CPU.Build.0 = Debug|Any CPU
		{C9E82761-775A-4708-B004-D9ABBDA63AF7}.Release|Any CPU.ActiveCfg = Release|Any CPU
		{C9E82761-775A-4708-B004-D9ABBDA63AF7}.Release|Any CPU.Build.0 = Release|Any CPU
		{8C6247F2-343C-4C55-87F8-3145010BCEE1}.Debug|Any CPU.ActiveCfg = Debug|Any CPU
		{8C6247F2-343C-4C55-87F8-3145010BCEE1}.Debug|Any CPU.Build.0 = Debug|Any CPU
		{8C6247F2-343C-4C55-87F8-3145010BCEE1}.Release|Any CPU.ActiveCfg = Release|Any CPU
		{8C6247F2-343C-4C55-87F8-3145010BCEE1}.Release|Any CPU.Build.0 = Release|Any CPU
		{6A6F80A8-BF3C-4E2D-831B-8CCBC0E2C7A8}.Debug|Any CPU.ActiveCfg = Debug|Any CPU
		{6A6F80A8-BF3C-4E2D-831B-8CCBC0E2C7A8}.Debug|Any CPU.Build.0 = Debug|Any CPU
		{6A6F80A8-BF3C-4E2D-831B-8CCBC0E2C7A8}.Release|Any CPU.ActiveCfg = Release|Any CPU
		{6A6F80A8-BF3C-4E2D-831B-8CCBC0E2C7A8}.Release|Any CPU.Build.0 = Release|Any CPU
	EndGlobalSection
	GlobalSection(SolutionProperties) = preSolution
		HideSolutionNode = FALSE
	EndGlobalSection
	GlobalSection(ExtensibilityGlobals) = postSolution
		SolutionGuid = {54F6B520-9761-4D67-8374-E3968A2904DA}
	EndGlobalSection
EndGlobal
