
Microsoft Visual Studio Solution File, Format Version 12.00
# Visual Studio Version 16
VisualStudioVersion = 16.0.30503.244
MinimumVisualStudioVersion = 10.0.40219.1
Project("{FAE04EC0-301F-11D3-BF4B-00C04F79EFBC}") = "WrapperTest", "WrapperTest.csproj", "{DBDA8E8C-CE5F-412A-A742-557DEA70E413}"
EndProject
Global
	GlobalSection(SolutionConfigurationPlatforms) = preSolution
		Debug|Any CPU = Debug|Any CPU
		Release|Any CPU = Release|Any CPU
	EndGlobalSection
	GlobalSection(ProjectConfigurationPlatforms) = postSolution
		{DBDA8E8C-CE5F-412A-A742-557DEA70E413}.Debug|Any CPU.ActiveCfg = Debug|Any CPU
		{DBDA8E8C-CE5F-412A-A742-557DEA70E413}.Debug|Any CPU.Build.0 = Debug|Any CPU
		{DBDA8E8C-CE5F-412A-A742-557DEA70E413}.Release|Any CPU.ActiveCfg = Release|Any CPU
		{DBDA8E8C-CE5F-412A-A742-557DEA70E413}.Release|Any CPU.Build.0 = Release|Any CPU
	EndGlobalSection
	GlobalSection(SolutionProperties) = preSolution
		HideSolutionNode = FALSE
	EndGlobalSection
	GlobalSection(ExtensibilityGlobals) = postSolution
		SolutionGuid = {3AD1C75B-D9F3-4686-BD02-F5BE823A0E38}
	EndGlobalSection
EndGlobal
