
Microsoft Visual Studio Solution File, Format Version 12.00
# Visual Studio Version 16
VisualStudioVersion = 16.0.29424.173
MinimumVisualStudioVersion = 10.0.40219.1
Project("{FAE04EC0-301F-11D3-BF4B-00C04F79EFBC}") = "NUnitTestRozetka", "NUnitTestRozetka\NUnitTestRozetka.csproj", "{79C31977-A32C-4D6A-A765-00E4B2C14F9C}"
EndProject
Global
	GlobalSection(SolutionConfigurationPlatforms) = preSolution
		Debug|Any CPU = Debug|Any CPU
		Release|Any CPU = Release|Any CPU
	EndGlobalSection
	GlobalSection(ProjectConfigurationPlatforms) = postSolution
		{79C31977-A32C-4D6A-A765-00E4B2C14F9C}.Debug|Any CPU.ActiveCfg = Debug|Any CPU
		{79C31977-A32C-4D6A-A765-00E4B2C14F9C}.Debug|Any CPU.Build.0 = Debug|Any CPU
		{79C31977-A32C-4D6A-A765-00E4B2C14F9C}.Release|Any CPU.ActiveCfg = Release|Any CPU
		{79C31977-A32C-4D6A-A765-00E4B2C14F9C}.Release|Any CPU.Build.0 = Release|Any CPU
	EndGlobalSection
	GlobalSection(SolutionProperties) = preSolution
		HideSolutionNode = FALSE
	EndGlobalSection
	GlobalSection(ExtensibilityGlobals) = postSolution
		SolutionGuid = {FB0E34A6-B5C6-4207-A13D-4671824D9673}
	EndGlobalSection
EndGlobal
